
Microsoft Visual Studio Solution File, Format Version 12.00
# Visual Studio Version 17
VisualStudioVersion = 17.0.31903.59
MinimumVisualStudioVersion = 10.0.40219.1
Project("{FAE04EC0-301F-11D3-BF4B-00C04F79EFBC}") = "hw8", "hw8\hw8.csproj", "{0B665C7E-56F7-430C-85D7-6FA725A62B04}"
EndProject
Global
	GlobalSection(SolutionConfigurationPlatforms) = preSolution
		Debug|Any CPU = Debug|Any CPU
		Release|Any CPU = Release|Any CPU
	EndGlobalSection
	GlobalSection(ProjectConfigurationPlatforms) = postSolution
		{0B665C7E-56F7-430C-85D7-6FA725A62B04}.Debug|Any CPU.ActiveCfg = Debug|Any CPU
		{0B665C7E-56F7-430C-85D7-6FA725A62B04}.Debug|Any CPU.Build.0 = Debug|Any CPU
		{0B665C7E-56F7-430C-85D7-6FA725A62B04}.Release|Any CPU.ActiveCfg = Release|Any CPU
		{0B665C7E-56F7-430C-85D7-6FA725A62B04}.Release|Any CPU.Build.0 = Release|Any CPU
	EndGlobalSection
	GlobalSection(SolutionProperties) = preSolution
		HideSolutionNode = FALSE
	EndGlobalSection
	GlobalSection(ExtensibilityGlobals) = postSolution
		SolutionGuid = {38BCC820-656A-476C-8769-1FD726D0A414}
	EndGlobalSection
EndGlobal
